
Microsoft Visual Studio Solution File, Format Version 12.00
# Visual Studio Version 17
VisualStudioVersion = 17.3.32901.215
MinimumVisualStudioVersion = 10.0.40219.1
Project("{FAE04EC0-301F-11D3-BF4B-00C04F79EFBC}") = "GauseMethod", "GauseMethod\GauseMethod.csproj", "{E35D5470-0E2B-4C5E-A684-87D610B39ED9}"
EndProject
Global
	GlobalSection(SolutionConfigurationPlatforms) = preSolution
		Debug|Any CPU = Debug|Any CPU
		Release|Any CPU = Release|Any CPU
	EndGlobalSection
	GlobalSection(ProjectConfigurationPlatforms) = postSolution
		{E35D5470-0E2B-4C5E-A684-87D610B39ED9}.Debug|Any CPU.ActiveCfg = Debug|Any CPU
		{E35D5470-0E2B-4C5E-A684-87D610B39ED9}.Debug|Any CPU.Build.0 = Debug|Any CPU
		{E35D5470-0E2B-4C5E-A684-87D610B39ED9}.Release|Any CPU.ActiveCfg = Release|Any CPU
		{E35D5470-0E2B-4C5E-A684-87D610B39ED9}.Release|Any CPU.Build.0 = Release|Any CPU
	EndGlobalSection
	GlobalSection(SolutionProperties) = preSolution
		HideSolutionNode = FALSE
	EndGlobalSection
	GlobalSection(ExtensibilityGlobals) = postSolution
		SolutionGuid = {CE554C79-56B1-48EA-B1AE-C02C3BB0B800}
	EndGlobalSection
EndGlobal
